
Microsoft Visual Studio Solution File, Format Version 12.00
# Visual Studio 15
Project("{FAE04EC0-301F-11D3-BF4B-00C04F79EFBC}") = "Assembly-CSharp", "Assembly-CSharp.csproj", "{6F4EC05E-419F-6A3B-C8C6-519FD9E4F765}"
EndProject
Project("{FAE04EC0-301F-11D3-BF4B-00C04F79EFBC}") = "Assembly-CSharp-Editor", "Assembly-CSharp-Editor.csproj", "{2F0CEC32-1011-622B-E9B0-3CCE299E2077}"
EndProject
Global
	GlobalSection(SolutionConfigurationPlatforms) = preSolution
		Debug|Any CPU = Debug|Any CPU
		Release|Any CPU = Release|Any CPU
	EndGlobalSection
	GlobalSection(ProjectConfigurationPlatforms) = postSolution
		{6F4EC05E-419F-6A3B-C8C6-519FD9E4F765}.Debug|Any CPU.ActiveCfg = Debug|Any CPU
		{6F4EC05E-419F-6A3B-C8C6-519FD9E4F765}.Debug|Any CPU.Build.0 = Debug|Any CPU
		{6F4EC05E-419F-6A3B-C8C6-519FD9E4F765}.Release|Any CPU.ActiveCfg = Release|Any CPU
		{6F4EC05E-419F-6A3B-C8C6-519FD9E4F765}.Release|Any CPU.Build.0 = Release|Any CPU
		{2F0CEC32-1011-622B-E9B0-3CCE299E2077}.Debug|Any CPU.ActiveCfg = Debug|Any CPU
		{2F0CEC32-1011-622B-E9B0-3CCE299E2077}.Debug|Any CPU.Build.0 = Debug|Any CPU
		{2F0CEC32-1011-622B-E9B0-3CCE299E2077}.Release|Any CPU.ActiveCfg = Release|Any CPU
		{2F0CEC32-1011-622B-E9B0-3CCE299E2077}.Release|Any CPU.Build.0 = Release|Any CPU
	EndGlobalSection
	GlobalSection(SolutionProperties) = preSolution
		HideSolutionNode = FALSE
	EndGlobalSection
EndGlobal
